
Microsoft Visual Studio Solution File, Format Version 12.00
# Visual Studio Version 17
VisualStudioVersion = 17.1.32328.378
MinimumVisualStudioVersion = 10.0.40219.1
Project("{9A19103F-16F7-4668-BE54-9A1E7A4F7556}") = "SigningService.Api", "src\SigningService.Api\SigningService.Api.csproj", "{E359234E-5191-48CA-8422-2DDAA14E64A4}"
EndProject
Project("{9A19103F-16F7-4668-BE54-9A1E7A4F7556}") = "DataSeeder", "src\DataSeeder\DataSeeder.csproj", "{C74CB24A-FEF7-4FAF-A75C-3989DE97C2A8}"
EndProject
Project("{9A19103F-16F7-4668-BE54-9A1E7A4F7556}") = "KeyManagement.Api", "src\KeyManagement.Api\KeyManagement.Api.csproj", "{302447ED-C582-4ED5-A712-7F9684424ED7}"
EndProject
Project("{9A19103F-16F7-4668-BE54-9A1E7A4F7556}") = "CollectionService.Api", "src\CollectionService.Api\CollectionService.Api.csproj", "{988C9AEF-8294-4BCA-97C6-4CEBAF4260DC}"
EndProject
Project("{9A19103F-16F7-4668-BE54-9A1E7A4F7556}") = "MessageProcessor", "src\MessageProcessor\MessageProcessor.csproj", "{BC44F061-6A8F-40E1-B611-F3D60D202FB1}"
EndProject
Project("{9A19103F-16F7-4668-BE54-9A1E7A4F7556}") = "Messages", "src\Messages\Messages.csproj", "{B78E3774-E458-4B8E-9A7B-085CC9E3733C}"
EndProject
Project("{9A19103F-16F7-4668-BE54-9A1E7A4F7556}") = "KeyManagement.Api.Client", "src\KeyManagement.Api.Client\KeyManagement.Api.Client.csproj", "{E0C20179-0A0D-42C2-B9F3-979CBDDE5B5C}"
EndProject
Project("{9A19103F-16F7-4668-BE54-9A1E7A4F7556}") = "ConcurrentSigning.Cryptography", "src\ConcurrentSigning.Cryptography\ConcurrentSigning.Cryptography.csproj", "{A378F144-67EA-4F94-A729-5AC0BF9E480A}"
EndProject
Project("{2150E333-8FDC-42A3-9474-1A3956D46DE8}") = "KeyManagement", "KeyManagement", "{2CC925F4-888A-4DE0-B749-A43F1795BD63}"
EndProject
Project("{9A19103F-16F7-4668-BE54-9A1E7A4F7556}") = "SigningService.Api.Client", "src\SigningService.Api.Client\SigningService.Api.Client.csproj", "{8DB0DB65-54BE-4B45-81E8-6AB42CD716EF}"
EndProject
Project("{2150E333-8FDC-42A3-9474-1A3956D46DE8}") = "SigningService", "SigningService", "{228F26D1-CC21-4511-B3C2-495EE4E84DF1}"
EndProject
Project("{2150E333-8FDC-42A3-9474-1A3956D46DE8}") = "CollectionService", "CollectionService", "{96C84E31-CD67-4777-95C4-816DA7227E39}"
EndProject
Project("{FAE04EC0-301F-11D3-BF4B-00C04F79EFBC}") = "CollectionService.Api.Client", "src\CollectionService.Api.Client\CollectionService.Api.Client.csproj", "{766C3513-D495-4929-A415-BD70E64CA759}"
EndProject
Project("{2150E333-8FDC-42A3-9474-1A3956D46DE8}") = "Cryptography", "Cryptography", "{02E941A4-9A9A-41BF-B2F6-824885DE80BF}"
EndProject
Project("{FAE04EC0-301F-11D3-BF4B-00C04F79EFBC}") = "ConcurrentSigning.Cryptography.Tests", "tests\ConcurrentSigning.Cryptography.Tests\ConcurrentSigning.Cryptography.Tests.csproj", "{6D1A783D-B0F7-4B74-B004-DCA8A948C7D9}"
EndProject
Global
	GlobalSection(SolutionConfigurationPlatforms) = preSolution
		Debug|Any CPU = Debug|Any CPU
		Release|Any CPU = Release|Any CPU
	EndGlobalSection
	GlobalSection(ProjectConfigurationPlatforms) = postSolution
		{E359234E-5191-48CA-8422-2DDAA14E64A4}.Debug|Any CPU.ActiveCfg = Debug|Any CPU
		{E359234E-5191-48CA-8422-2DDAA14E64A4}.Debug|Any CPU.Build.0 = Debug|Any CPU
		{E359234E-5191-48CA-8422-2DDAA14E64A4}.Release|Any CPU.ActiveCfg = Release|Any CPU
		{E359234E-5191-48CA-8422-2DDAA14E64A4}.Release|Any CPU.Build.0 = Release|Any CPU
		{C74CB24A-FEF7-4FAF-A75C-3989DE97C2A8}.Debug|Any CPU.ActiveCfg = Debug|Any CPU
		{C74CB24A-FEF7-4FAF-A75C-3989DE97C2A8}.Debug|Any CPU.Build.0 = Debug|Any CPU
		{C74CB24A-FEF7-4FAF-A75C-3989DE97C2A8}.Release|Any CPU.ActiveCfg = Release|Any CPU
		{C74CB24A-FEF7-4FAF-A75C-3989DE97C2A8}.Release|Any CPU.Build.0 = Release|Any CPU
		{302447ED-C582-4ED5-A712-7F9684424ED7}.Debug|Any CPU.ActiveCfg = Debug|Any CPU
		{302447ED-C582-4ED5-A712-7F9684424ED7}.Debug|Any CPU.Build.0 = Debug|Any CPU
		{302447ED-C582-4ED5-A712-7F9684424ED7}.Release|Any CPU.ActiveCfg = Release|Any CPU
		{302447ED-C582-4ED5-A712-7F9684424ED7}.Release|Any CPU.Build.0 = Release|Any CPU
		{988C9AEF-8294-4BCA-97C6-4CEBAF4260DC}.Debug|Any CPU.ActiveCfg = Debug|Any CPU
		{988C9AEF-8294-4BCA-97C6-4CEBAF4260DC}.Debug|Any CPU.Build.0 = Debug|Any CPU
		{988C9AEF-8294-4BCA-97C6-4CEBAF4260DC}.Release|Any CPU.ActiveCfg = Release|Any CPU
		{988C9AEF-8294-4BCA-97C6-4CEBAF4260DC}.Release|Any CPU.Build.0 = Release|Any CPU
		{BC44F061-6A8F-40E1-B611-F3D60D202FB1}.Debug|Any CPU.ActiveCfg = Debug|Any CPU
		{BC44F061-6A8F-40E1-B611-F3D60D202FB1}.Debug|Any CPU.Build.0 = Debug|Any CPU
		{BC44F061-6A8F-40E1-B611-F3D60D202FB1}.Release|Any CPU.ActiveCfg = Release|Any CPU
		{BC44F061-6A8F-40E1-B611-F3D60D202FB1}.Release|Any CPU.Build.0 = Release|Any CPU
		{B78E3774-E458-4B8E-9A7B-085CC9E3733C}.Debug|Any CPU.ActiveCfg = Debug|Any CPU
		{B78E3774-E458-4B8E-9A7B-085CC9E3733C}.Debug|Any CPU.Build.0 = Debug|Any CPU
		{B78E3774-E458-4B8E-9A7B-085CC9E3733C}.Release|Any CPU.ActiveCfg = Release|Any CPU
		{B78E3774-E458-4B8E-9A7B-085CC9E3733C}.Release|Any CPU.Build.0 = Release|Any CPU
		{E0C20179-0A0D-42C2-B9F3-979CBDDE5B5C}.Debug|Any CPU.ActiveCfg = Debug|Any CPU
		{E0C20179-0A0D-42C2-B9F3-979CBDDE5B5C}.Debug|Any CPU.Build.0 = Debug|Any CPU
		{E0C20179-0A0D-42C2-B9F3-979CBDDE5B5C}.Release|Any CPU.ActiveCfg = Release|Any CPU
		{E0C20179-0A0D-42C2-B9F3-979CBDDE5B5C}.Release|Any CPU.Build.0 = Release|Any CPU
		{A378F144-67EA-4F94-A729-5AC0BF9E480A}.Debug|Any CPU.ActiveCfg = Debug|Any CPU
		{A378F144-67EA-4F94-A729-5AC0BF9E480A}.Debug|Any CPU.Build.0 = Debug|Any CPU
		{A378F144-67EA-4F94-A729-5AC0BF9E480A}.Release|Any CPU.ActiveCfg = Release|Any CPU
		{A378F144-67EA-4F94-A729-5AC0BF9E480A}.Release|Any CPU.Build.0 = Release|Any CPU
		{8DB0DB65-54BE-4B45-81E8-6AB42CD716EF}.Debug|Any CPU.ActiveCfg = Debug|Any CPU
		{8DB0DB65-54BE-4B45-81E8-6AB42CD716EF}.Debug|Any CPU.Build.0 = Debug|Any CPU
		{8DB0DB65-54BE-4B45-81E8-6AB42CD716EF}.Release|Any CPU.ActiveCfg = Release|Any CPU
		{8DB0DB65-54BE-4B45-81E8-6AB42CD716EF}.Release|Any CPU.Build.0 = Release|Any CPU
		{766C3513-D495-4929-A415-BD70E64CA759}.Debug|Any CPU.ActiveCfg = Debug|Any CPU
		{766C3513-D495-4929-A415-BD70E64CA759}.Debug|Any CPU.Build.0 = Debug|Any CPU
		{766C3513-D495-4929-A415-BD70E64CA759}.Release|Any CPU.ActiveCfg = Release|Any CPU
		{766C3513-D495-4929-A415-BD70E64CA759}.Release|Any CPU.Build.0 = Release|Any CPU
		{6D1A783D-B0F7-4B74-B004-DCA8A948C7D9}.Debug|Any CPU.ActiveCfg = Debug|Any CPU
		{6D1A783D-B0F7-4B74-B004-DCA8A948C7D9}.Debug|Any CPU.Build.0 = Debug|Any CPU
		{6D1A783D-B0F7-4B74-B004-DCA8A948C7D9}.Release|Any CPU.ActiveCfg = Release|Any CPU
		{6D1A783D-B0F7-4B74-B004-DCA8A948C7D9}.Release|Any CPU.Build.0 = Release|Any CPU
	EndGlobalSection
	GlobalSection(SolutionProperties) = preSolution
		HideSolutionNode = FALSE
	EndGlobalSection
	GlobalSection(NestedProjects) = preSolution
		{E359234E-5191-48CA-8422-2DDAA14E64A4} = {228F26D1-CC21-4511-B3C2-495EE4E84DF1}
		{302447ED-C582-4ED5-A712-7F9684424ED7} = {2CC925F4-888A-4DE0-B749-A43F1795BD63}
		{988C9AEF-8294-4BCA-97C6-4CEBAF4260DC} = {96C84E31-CD67-4777-95C4-816DA7227E39}
		{E0C20179-0A0D-42C2-B9F3-979CBDDE5B5C} = {2CC925F4-888A-4DE0-B749-A43F1795BD63}
		{A378F144-67EA-4F94-A729-5AC0BF9E480A} = {02E941A4-9A9A-41BF-B2F6-824885DE80BF}
		{8DB0DB65-54BE-4B45-81E8-6AB42CD716EF} = {228F26D1-CC21-4511-B3C2-495EE4E84DF1}
		{766C3513-D495-4929-A415-BD70E64CA759} = {96C84E31-CD67-4777-95C4-816DA7227E39}
		{6D1A783D-B0F7-4B74-B004-DCA8A948C7D9} = {02E941A4-9A9A-41BF-B2F6-824885DE80BF}
	EndGlobalSection
	GlobalSection(ExtensibilityGlobals) = postSolution
		SolutionGuid = {12CA5B75-0FE8-43C9-848E-DDC5264903EA}
	EndGlobalSection
EndGlobal
