
Microsoft Visual Studio Solution File, Format Version 12.00
# Visual Studio Version 17
VisualStudioVersion = 17.1.32328.378
MinimumVisualStudioVersion = 10.0.40219.1
Project("{FAE04EC0-301F-11D3-BF4B-00C04F79EFBC}") = "SigningService.Api", "src\SigningService.Api\SigningService.Api.csproj", "{E359234E-5191-48CA-8422-2DDAA14E64A4}"
EndProject
Project("{FAE04EC0-301F-11D3-BF4B-00C04F79EFBC}") = "DataSeeder", "src\DataSeeder\DataSeeder.csproj", "{C74CB24A-FEF7-4FAF-A75C-3989DE97C2A8}"
EndProject
Global
	GlobalSection(SolutionConfigurationPlatforms) = preSolution
		Debug|Any CPU = Debug|Any CPU
		Release|Any CPU = Release|Any CPU
	EndGlobalSection
	GlobalSection(ProjectConfigurationPlatforms) = postSolution
		{E359234E-5191-48CA-8422-2DDAA14E64A4}.Debug|Any CPU.ActiveCfg = Debug|Any CPU
		{E359234E-5191-48CA-8422-2DDAA14E64A4}.Debug|Any CPU.Build.0 = Debug|Any CPU
		{E359234E-5191-48CA-8422-2DDAA14E64A4}.Release|Any CPU.ActiveCfg = Release|Any CPU
		{E359234E-5191-48CA-8422-2DDAA14E64A4}.Release|Any CPU.Build.0 = Release|Any CPU
		{C74CB24A-FEF7-4FAF-A75C-3989DE97C2A8}.Debug|Any CPU.ActiveCfg = Debug|Any CPU
		{C74CB24A-FEF7-4FAF-A75C-3989DE97C2A8}.Debug|Any CPU.Build.0 = Debug|Any CPU
		{C74CB24A-FEF7-4FAF-A75C-3989DE97C2A8}.Release|Any CPU.ActiveCfg = Release|Any CPU
		{C74CB24A-FEF7-4FAF-A75C-3989DE97C2A8}.Release|Any CPU.Build.0 = Release|Any CPU
	EndGlobalSection
	GlobalSection(SolutionProperties) = preSolution
		HideSolutionNode = FALSE
	EndGlobalSection
	GlobalSection(ExtensibilityGlobals) = postSolution
		SolutionGuid = {12CA5B75-0FE8-43C9-848E-DDC5264903EA}
	EndGlobalSection
EndGlobal
